
Microsoft Visual Studio Solution File, Format Version 12.00
# Visual Studio 15
VisualStudioVersion = 15.0.28307.329
MinimumVisualStudioVersion = 10.0.40219.1
Project("{9A19103F-16F7-4668-BE54-9A1E7A4F7556}") = "P6.FootballTeamGenerator", "P6.FootballTeamGenerator.csproj", "{5F6CB4BB-D86C-450D-A267-62BCE358D18B}"
EndProject
Global
	GlobalSection(SolutionConfigurationPlatforms) = preSolution
		Debug|Any CPU = Debug|Any CPU
		Release|Any CPU = Release|Any CPU
	EndGlobalSection
	GlobalSection(ProjectConfigurationPlatforms) = postSolution
		{5F6CB4BB-D86C-450D-A267-62BCE358D18B}.Debug|Any CPU.ActiveCfg = Debug|Any CPU
		{5F6CB4BB-D86C-450D-A267-62BCE358D18B}.Debug|Any CPU.Build.0 = Debug|Any CPU
		{5F6CB4BB-D86C-450D-A267-62BCE358D18B}.Release|Any CPU.ActiveCfg = Release|Any CPU
		{5F6CB4BB-D86C-450D-A267-62BCE358D18B}.Release|Any CPU.Build.0 = Release|Any CPU
	EndGlobalSection
	GlobalSection(SolutionProperties) = preSolution
		HideSolutionNode = FALSE
	EndGlobalSection
	GlobalSection(ExtensibilityGlobals) = postSolution
		SolutionGuid = {ED07AC11-6A10-4FC6-98E9-9358A37DF249}
	EndGlobalSection
EndGlobal
