
Microsoft Visual Studio Solution File, Format Version 12.00
# Visual Studio 15
VisualStudioVersion = 15.0.28307.329
MinimumVisualStudioVersion = 10.0.40219.1
Project("{9A19103F-16F7-4668-BE54-9A1E7A4F7556}") = "P1.Class_Box", "P1.Class_Box.csproj", "{FC998999-029C-44EB-B415-3A7F24EB6C08}"
EndProject
Global
	GlobalSection(SolutionConfigurationPlatforms) = preSolution
		Debug|Any CPU = Debug|Any CPU
		Release|Any CPU = Release|Any CPU
	EndGlobalSection
	GlobalSection(ProjectConfigurationPlatforms) = postSolution
		{FC998999-029C-44EB-B415-3A7F24EB6C08}.Debug|Any CPU.ActiveCfg = Debug|Any CPU
		{FC998999-029C-44EB-B415-3A7F24EB6C08}.Debug|Any CPU.Build.0 = Debug|Any CPU
		{FC998999-029C-44EB-B415-3A7F24EB6C08}.Release|Any CPU.ActiveCfg = Release|Any CPU
		{FC998999-029C-44EB-B415-3A7F24EB6C08}.Release|Any CPU.Build.0 = Release|Any CPU
	EndGlobalSection
	GlobalSection(SolutionProperties) = preSolution
		HideSolutionNode = FALSE
	EndGlobalSection
	GlobalSection(ExtensibilityGlobals) = postSolution
		SolutionGuid = {7F7AFA84-94FF-4349-8917-C9FFA467543D}
	EndGlobalSection
EndGlobal
